
Microsoft Visual Studio Solution File, Format Version 12.00
# Visual Studio Version 16
VisualStudioVersion = 16.0.31624.102
MinimumVisualStudioVersion = 10.0.40219.1
Project("{2150E333-8FDC-42A3-9474-1A3956D46DE8}") = "src", "src", "{C5D8E716-288D-4792-A25E-BF2F79899946}"
EndProject
Project("{9A19103F-16F7-4668-BE54-9A1E7A4F7556}") = "XslMapper.FunctionApp", "src\XslMapper.FunctionApp\XslMapper.FunctionApp.csproj", "{78A1342E-81AA-46E3-9BB9-02FF68ACF616}"
EndProject
Global
	GlobalSection(SolutionConfigurationPlatforms) = preSolution
		Debug|Any CPU = Debug|Any CPU
		Release|Any CPU = Release|Any CPU
	EndGlobalSection
	GlobalSection(ProjectConfigurationPlatforms) = postSolution
		{78A1342E-81AA-46E3-9BB9-02FF68ACF616}.Debug|Any CPU.ActiveCfg = Debug|Any CPU
		{78A1342E-81AA-46E3-9BB9-02FF68ACF616}.Debug|Any CPU.Build.0 = Debug|Any CPU
		{78A1342E-81AA-46E3-9BB9-02FF68ACF616}.Release|Any CPU.ActiveCfg = Release|Any CPU
		{78A1342E-81AA-46E3-9BB9-02FF68ACF616}.Release|Any CPU.Build.0 = Release|Any CPU
	EndGlobalSection
	GlobalSection(SolutionProperties) = preSolution
		HideSolutionNode = FALSE
	EndGlobalSection
	GlobalSection(NestedProjects) = preSolution
		{78A1342E-81AA-46E3-9BB9-02FF68ACF616} = {C5D8E716-288D-4792-A25E-BF2F79899946}
	EndGlobalSection
	GlobalSection(ExtensibilityGlobals) = postSolution
		SolutionGuid = {22E13354-889E-430C-80F6-503FD5A1561D}
	EndGlobalSection
EndGlobal
